
Microsoft Visual Studio Solution File, Format Version 12.00
# Visual Studio 15
VisualStudioVersion = 15.0.27130.2036
MinimumVisualStudioVersion = 10.0.40219.1
Project("{FAE04EC0-301F-11D3-BF4B-00C04F79EFBC}") = "IntegrationTestsExample", "IntegrationTestsExample\IntegrationTestsExample.csproj", "{BAB0E5F8-4D94-462D-8BD9-B123D7F6140C}"
EndProject
Global
	GlobalSection(SolutionConfigurationPlatforms) = preSolution
		Debug|Any CPU = Debug|Any CPU
		Release|Any CPU = Release|Any CPU
	EndGlobalSection
	GlobalSection(ProjectConfigurationPlatforms) = postSolution
		{BAB0E5F8-4D94-462D-8BD9-B123D7F6140C}.Debug|Any CPU.ActiveCfg = Debug|Any CPU
		{BAB0E5F8-4D94-462D-8BD9-B123D7F6140C}.Debug|Any CPU.Build.0 = Debug|Any CPU
		{BAB0E5F8-4D94-462D-8BD9-B123D7F6140C}.Release|Any CPU.ActiveCfg = Release|Any CPU
		{BAB0E5F8-4D94-462D-8BD9-B123D7F6140C}.Release|Any CPU.Build.0 = Release|Any CPU
	EndGlobalSection
	GlobalSection(SolutionProperties) = preSolution
		HideSolutionNode = FALSE
	EndGlobalSection
	GlobalSection(ExtensibilityGlobals) = postSolution
		SolutionGuid = {14661E21-C141-4870-ABB5-149A9F9B998E}
	EndGlobalSection
EndGlobal
